
Microsoft Visual Studio Solution File, Format Version 12.00
# Visual Studio Version 17
VisualStudioVersion = 17.8.34322.80
MinimumVisualStudioVersion = 10.0.40219.1
Project("{FAE04EC0-301F-11D3-BF4B-00C04F79EFBC}") = "Collection_Plus_Person", "Collection_Plus_Person.csproj", "{4EFF4A2E-A6AF-461F-8023-DDF430C56091}"
EndProject
Global
	GlobalSection(SolutionConfigurationPlatforms) = preSolution
		Debug|Any CPU = Debug|Any CPU
		Release|Any CPU = Release|Any CPU
	EndGlobalSection
	GlobalSection(ProjectConfigurationPlatforms) = postSolution
		{4EFF4A2E-A6AF-461F-8023-DDF430C56091}.Debug|Any CPU.ActiveCfg = Debug|Any CPU
		{4EFF4A2E-A6AF-461F-8023-DDF430C56091}.Debug|Any CPU.Build.0 = Debug|Any CPU
		{4EFF4A2E-A6AF-461F-8023-DDF430C56091}.Release|Any CPU.ActiveCfg = Release|Any CPU
		{4EFF4A2E-A6AF-461F-8023-DDF430C56091}.Release|Any CPU.Build.0 = Release|Any CPU
	EndGlobalSection
	GlobalSection(SolutionProperties) = preSolution
		HideSolutionNode = FALSE
	EndGlobalSection
	GlobalSection(ExtensibilityGlobals) = postSolution
		SolutionGuid = {9DCDB588-A49F-4BA3-A0C0-81095DEE5865}
	EndGlobalSection
EndGlobal
